
Microsoft Visual Studio Solution File, Format Version 12.00
# Visual Studio Version 17
VisualStudioVersion = 17.5.33530.505
MinimumVisualStudioVersion = 10.0.40219.1
Project("{9A19103F-16F7-4668-BE54-9A1E7A4F7556}") = "ReverseProxyApi", "ReverseProxyApi\ReverseProxyApi.csproj", "{32AE9477-72A0-40B5-8020-0330C9284ABC}"
EndProject
Project("{9A19103F-16F7-4668-BE54-9A1E7A4F7556}") = "ReverseProxy.Core", "ReverseProxy.Core\ReverseProxy.Core.csproj", "{AC89162E-1426-4745-999B-FAB0EE2AA336}"
EndProject
Project("{9A19103F-16F7-4668-BE54-9A1E7A4F7556}") = "ReverseProxy.Tests", "ReverseProxy.Tests\ReverseProxy.Tests.csproj", "{DC6844F7-62B2-48D7-91D4-1F5D03F70611}"
EndProject
Project("{9A19103F-16F7-4668-BE54-9A1E7A4F7556}") = "ReverseProxy.MinimalApi", "ReverseProxy.MinimalApi\ReverseProxy.MinimalApi.csproj", "{2B457759-2B29-4FCA-839D-643FDA01423A}"
EndProject
Project("{9A19103F-16F7-4668-BE54-9A1E7A4F7556}") = "ReverseProxy.Docker.MinimalApi", "ReverseProxy.Docker.MinimalApi\ReverseProxy.Docker.MinimalApi.csproj", "{F2458AD8-57AC-44EC-92C2-A3AEA14E1720}"
EndProject
Project("{FAE04EC0-301F-11D3-BF4B-00C04F79EFBC}") = "SampleApi", "SampleApi\SampleApi.csproj", "{D351A490-B556-4D8A-81B4-DBD60653B331}"
EndProject
Global
	GlobalSection(SolutionConfigurationPlatforms) = preSolution
		Debug|Any CPU = Debug|Any CPU
		Release|Any CPU = Release|Any CPU
	EndGlobalSection
	GlobalSection(ProjectConfigurationPlatforms) = postSolution
		{32AE9477-72A0-40B5-8020-0330C9284ABC}.Debug|Any CPU.ActiveCfg = Debug|Any CPU
		{32AE9477-72A0-40B5-8020-0330C9284ABC}.Debug|Any CPU.Build.0 = Debug|Any CPU
		{32AE9477-72A0-40B5-8020-0330C9284ABC}.Release|Any CPU.ActiveCfg = Release|Any CPU
		{32AE9477-72A0-40B5-8020-0330C9284ABC}.Release|Any CPU.Build.0 = Release|Any CPU
		{AC89162E-1426-4745-999B-FAB0EE2AA336}.Debug|Any CPU.ActiveCfg = Debug|Any CPU
		{AC89162E-1426-4745-999B-FAB0EE2AA336}.Debug|Any CPU.Build.0 = Debug|Any CPU
		{AC89162E-1426-4745-999B-FAB0EE2AA336}.Release|Any CPU.ActiveCfg = Release|Any CPU
		{AC89162E-1426-4745-999B-FAB0EE2AA336}.Release|Any CPU.Build.0 = Release|Any CPU
		{DC6844F7-62B2-48D7-91D4-1F5D03F70611}.Debug|Any CPU.ActiveCfg = Debug|Any CPU
		{DC6844F7-62B2-48D7-91D4-1F5D03F70611}.Debug|Any CPU.Build.0 = Debug|Any CPU
		{DC6844F7-62B2-48D7-91D4-1F5D03F70611}.Release|Any CPU.ActiveCfg = Release|Any CPU
		{DC6844F7-62B2-48D7-91D4-1F5D03F70611}.Release|Any CPU.Build.0 = Release|Any CPU
		{2B457759-2B29-4FCA-839D-643FDA01423A}.Debug|Any CPU.ActiveCfg = Debug|Any CPU
		{2B457759-2B29-4FCA-839D-643FDA01423A}.Debug|Any CPU.Build.0 = Debug|Any CPU
		{2B457759-2B29-4FCA-839D-643FDA01423A}.Release|Any CPU.ActiveCfg = Release|Any CPU
		{2B457759-2B29-4FCA-839D-643FDA01423A}.Release|Any CPU.Build.0 = Release|Any CPU
		{F2458AD8-57AC-44EC-92C2-A3AEA14E1720}.Debug|Any CPU.ActiveCfg = Debug|Any CPU
		{F2458AD8-57AC-44EC-92C2-A3AEA14E1720}.Debug|Any CPU.Build.0 = Debug|Any CPU
		{F2458AD8-57AC-44EC-92C2-A3AEA14E1720}.Release|Any CPU.ActiveCfg = Release|Any CPU
		{F2458AD8-57AC-44EC-92C2-A3AEA14E1720}.Release|Any CPU.Build.0 = Release|Any CPU
		{D351A490-B556-4D8A-81B4-DBD60653B331}.Debug|Any CPU.ActiveCfg = Debug|Any CPU
		{D351A490-B556-4D8A-81B4-DBD60653B331}.Debug|Any CPU.Build.0 = Debug|Any CPU
		{D351A490-B556-4D8A-81B4-DBD60653B331}.Release|Any CPU.ActiveCfg = Release|Any CPU
		{D351A490-B556-4D8A-81B4-DBD60653B331}.Release|Any CPU.Build.0 = Release|Any CPU
	EndGlobalSection
	GlobalSection(SolutionProperties) = preSolution
		HideSolutionNode = FALSE
	EndGlobalSection
	GlobalSection(ExtensibilityGlobals) = postSolution
		SolutionGuid = {0BE2E400-7893-494A-BAFF-FF0FB026B77F}
	EndGlobalSection
EndGlobal
